PODS:
  - AMOrientationUpdatingImageView (1.1.0)
  - Nimble (7.0.2)

DEPENDENCIES:
  - AMOrientationUpdatingImageView (from `../`)
  - Nimble (~> 7.0)

EXTERNAL SOURCES:
  AMOrientationUpdatingImageView:
    :path: ../

SPEC CHECKSUMS:
  AMOrientationUpdatingImageView: fb30163ee7e36ee2983c64db130181e1d703de01
  Nimble: bfe1f814edabba69ff145cb1283e04ed636a67f2

PODFILE CHECKSUM: 191bd8154ad5d3de76e00e10008d9ecf657655fe

COCOAPODS: 1.3.0
